
Microsoft Visual Studio Solution File, Format Version 12.00
# Visual Studio Version 17
VisualStudioVersion = 17.5.002.0
MinimumVisualStudioVersion = 10.0.40219.1
Project("{9A19103F-16F7-4668-BE54-9A1E7A4F7556}") = "Sem1", "Sem1\Sem1.csproj", "{7BC49EE9-25CF-4067-A575-5369E15D131A}"
EndProject
Project("{9A19103F-16F7-4668-BE54-9A1E7A4F7556}") = "Sem2", "Sem2\Sem2.csproj", "{DC6086F1-BAC5-40E6-A2ED-D329CC813379}"
EndProject
Global
	GlobalSection(SolutionConfigurationPlatforms) = preSolution
		Debug|Any CPU = Debug|Any CPU
		Release|Any CPU = Release|Any CPU
	EndGlobalSection
	GlobalSection(ProjectConfigurationPlatforms) = postSolution
		{7BC49EE9-25CF-4067-A575-5369E15D131A}.Debug|Any CPU.ActiveCfg = Debug|Any CPU
		{7BC49EE9-25CF-4067-A575-5369E15D131A}.Debug|Any CPU.Build.0 = Debug|Any CPU
		{7BC49EE9-25CF-4067-A575-5369E15D131A}.Release|Any CPU.ActiveCfg = Release|Any CPU
		{7BC49EE9-25CF-4067-A575-5369E15D131A}.Release|Any CPU.Build.0 = Release|Any CPU
		{DC6086F1-BAC5-40E6-A2ED-D329CC813379}.Debug|Any CPU.ActiveCfg = Debug|Any CPU
		{DC6086F1-BAC5-40E6-A2ED-D329CC813379}.Debug|Any CPU.Build.0 = Debug|Any CPU
		{DC6086F1-BAC5-40E6-A2ED-D329CC813379}.Release|Any CPU.ActiveCfg = Release|Any CPU
		{DC6086F1-BAC5-40E6-A2ED-D329CC813379}.Release|Any CPU.Build.0 = Release|Any CPU
	EndGlobalSection
	GlobalSection(SolutionProperties) = preSolution
		HideSolutionNode = FALSE
	EndGlobalSection
	GlobalSection(ExtensibilityGlobals) = postSolution
		SolutionGuid = {0C4E9498-3679-4CBE-8B87-0A80C29AF097}
	EndGlobalSection
EndGlobal
